
Microsoft Visual Studio Solution File, Format Version 12.00
# Visual Studio Version 17
VisualStudioVersion = 17.7.34009.444
MinimumVisualStudioVersion = 10.0.40219.1
Project("{FAE04EC0-301F-11D3-BF4B-00C04F79EFBC}") = "Web2FA", "Web2FA\Web2FA.csproj", "{4896297A-6F25-48E6-BC4C-38038C9DF38F}"
EndProject
Global
	GlobalSection(SolutionConfigurationPlatforms) = preSolution
		Debug|Any CPU = Debug|Any CPU
		Release|Any CPU = Release|Any CPU
	EndGlobalSection
	GlobalSection(ProjectConfigurationPlatforms) = postSolution
		{4896297A-6F25-48E6-BC4C-38038C9DF38F}.Debug|Any CPU.ActiveCfg = Debug|Any CPU
		{4896297A-6F25-48E6-BC4C-38038C9DF38F}.Debug|Any CPU.Build.0 = Debug|Any CPU
		{4896297A-6F25-48E6-BC4C-38038C9DF38F}.Release|Any CPU.ActiveCfg = Release|Any CPU
		{4896297A-6F25-48E6-BC4C-38038C9DF38F}.Release|Any CPU.Build.0 = Release|Any CPU
	EndGlobalSection
	GlobalSection(SolutionProperties) = preSolution
		HideSolutionNode = FALSE
	EndGlobalSection
	GlobalSection(ExtensibilityGlobals) = postSolution
		SolutionGuid = {22ABC8AB-506C-4423-A5FC-E09BA003F3F2}
	EndGlobalSection
EndGlobal
